
Microsoft Visual Studio Solution File, Format Version 12.00
# Visual Studio Version 16
VisualStudioVersion = 16.0.30204.135
MinimumVisualStudioVersion = 10.0.40219.1
Project("{FAE04EC0-301F-11D3-BF4B-00C04F79EFBC}") = "CosmosDBDemo", "CosmosDBDemo\CosmosDBDemo.csproj", "{EBA5DBA9-74C7-439A-BCA1-966F6BC1D335}"
EndProject
Global
	GlobalSection(SolutionConfigurationPlatforms) = preSolution
		Debug|Any CPU = Debug|Any CPU
		Release|Any CPU = Release|Any CPU
	EndGlobalSection
	GlobalSection(ProjectConfigurationPlatforms) = postSolution
		{EBA5DBA9-74C7-439A-BCA1-966F6BC1D335}.Debug|Any CPU.ActiveCfg = Debug|Any CPU
		{EBA5DBA9-74C7-439A-BCA1-966F6BC1D335}.Debug|Any CPU.Build.0 = Debug|Any CPU
		{EBA5DBA9-74C7-439A-BCA1-966F6BC1D335}.Release|Any CPU.ActiveCfg = Release|Any CPU
		{EBA5DBA9-74C7-439A-BCA1-966F6BC1D335}.Release|Any CPU.Build.0 = Release|Any CPU
	EndGlobalSection
	GlobalSection(SolutionProperties) = preSolution
		HideSolutionNode = FALSE
	EndGlobalSection
	GlobalSection(ExtensibilityGlobals) = postSolution
		SolutionGuid = {2871F3DF-967F-4E20-B1C2-C75C323D816C}
	EndGlobalSection
EndGlobal
